// !$*UTF8*$!
{
	archiveVersion = 1;
	classes = {
	};
	objectVersion = 56;
	objects = {

/* Begin PBXBuildFile section */
		1510D7432BEF3A980092C021 /* CategoryHome.swift in Sources */ = {isa = PBXBuildFile; fileRef = 1510D7422BEF3A980092C021 /* CategoryHome.swift */; };
		155CB1F02BEE81D2009F738D /* DirectorDetail.swift in Sources */ = {isa = PBXBuildFile; fileRef = 155CB1EF2BEE81D2009F738D /* DirectorDetail.swift */; };
		1561582B2BFE5ED1004CE1FD /* .gitignore in Resources */ = {isa = PBXBuildFile; fileRef = 1561582A2BFE5ED1004CE1FD /* .gitignore */; };
		15A8C28E2BEF3E7700590FD5 /* ThespianDetail.swift in Sources */ = {isa = PBXBuildFile; fileRef = 15A8C28D2BEF3E7700590FD5 /* ThespianDetail.swift */; };
		15A8C2962BEF4ABA00590FD5 /* CategoryItem.swift in Sources */ = {isa = PBXBuildFile; fileRef = 15A8C2952BEF4ABA00590FD5 /* CategoryItem.swift */; };
		15A8C29A2BEF4DD000590FD5 /* Staff.swift in Sources */ = {isa = PBXBuildFile; fileRef = 15A8C2992BEF4DD000590FD5 /* Staff.swift */; };
		15A8C29C2BEF4E1400590FD5 /* todo.txt in Resources */ = {isa = PBXBuildFile; fileRef = 15A8C29B2BEF4E1400590FD5 /* todo.txt */; };
		15A8C29F2BEF639500590FD5 /* CategoryRow.swift in Sources */ = {isa = PBXBuildFile; fileRef = 15A8C29E2BEF639500590FD5 /* CategoryRow.swift */; };
		15A8C2A72BEF8D2A00590FD5 /* Director.swift in Sources */ = {isa = PBXBuildFile; fileRef = 15A8C2A62BEF8D2A00590FD5 /* Director.swift */; };
		15A8C2A92BEF8D9400590FD5 /* Writer.swift in Sources */ = {isa = PBXBuildFile; fileRef = 15A8C2A82BEF8D9400590FD5 /* Writer.swift */; };
		15A8C2AB2BEF8DA400590FD5 /* Thespian.swift in Sources */ = {isa = PBXBuildFile; fileRef = 15A8C2AA2BEF8DA400590FD5 /* Thespian.swift */; };
		15A8C2AD2BEF924100590FD5 /* ComingSoon.swift in Sources */ = {isa = PBXBuildFile; fileRef = 15A8C2AC2BEF924100590FD5 /* ComingSoon.swift */; };
		15E5A9582BEE37F2009CBFB9 /* movieFinderApp.swift in Sources */ = {isa = PBXBuildFile; fileRef = 15E5A9572BEE37F2009CBFB9 /* movieFinderApp.swift */; };
		15E5A95A2BEE37F2009CBFB9 /* ContentView.swift in Sources */ = {isa = PBXBuildFile; fileRef = 15E5A9592BEE37F2009CBFB9 /* ContentView.swift */; };
		15E5A95C2BEE37F3009CBFB9 /* Assets.xcassets in Resources */ = {isa = PBXBuildFile; fileRef = 15E5A95B2BEE37F3009CBFB9 /* Assets.xcassets */; };
		15E5A95F2BEE37F3009CBFB9 /* Preview Assets.xcassets in Resources */ = {isa = PBXBuildFile; fileRef = 15E5A95E2BEE37F3009CBFB9 /* Preview Assets.xcassets */; };
		15E5A9692BEE37F4009CBFB9 /* movieFinderTests.swift in Sources */ = {isa = PBXBuildFile; fileRef = 15E5A9682BEE37F4009CBFB9 /* movieFinderTests.swift */; };
		15E5A9732BEE37F4009CBFB9 /* movieFinderUITests.swift in Sources */ = {isa = PBXBuildFile; fileRef = 15E5A9722BEE37F4009CBFB9 /* movieFinderUITests.swift */; };
		15E5A9752BEE37F4009CBFB9 /* movieFinderUITestsLaunchTests.swift in Sources */ = {isa = PBXBuildFile; fileRef = 15E5A9742BEE37F4009CBFB9 /* movieFinderUITestsLaunchTests.swift */; };
		15E5A9882BEE4029009CBFB9 /* Movie.swift in Sources */ = {isa = PBXBuildFile; fileRef = 15E5A9872BEE4029009CBFB9 /* Movie.swift */; };
		15E5A9912BEE4203009CBFB9 /* ModelData.swift in Sources */ = {isa = PBXBuildFile; fileRef = 15E5A9902BEE4203009CBFB9 /* ModelData.swift */; };
		15E5A9942BEE42B8009CBFB9 /* directorTestData.json in Resources */ = {isa = PBXBuildFile; fileRef = 15E5A9932BEE42B8009CBFB9 /* directorTestData.json */; };
		15E5A9982BEE4851009CBFB9 /* movieTestData.json in Resources */ = {isa = PBXBuildFile; fileRef = 15E5A9972BEE4851009CBFB9 /* movieTestData.json */; };
		15E5A99A2BEE491E009CBFB9 /* writerTestData.json in Resources */ = {isa = PBXBuildFile; fileRef = 15E5A9992BEE491E009CBFB9 /* writerTestData.json */; };
		15E5A99C2BEE4954009CBFB9 /* thespianTestData.json in Resources */ = {isa = PBXBuildFile; fileRef = 15E5A99B2BEE4954009CBFB9 /* thespianTestData.json */; };
/* End PBXBuildFile section */

/* Begin PBXContainerItemProxy section */
		15E5A9652BEE37F4009CBFB9 /* PBXContainerItemProxy */ = {
			isa = PBXContainerItemProxy;
			containerPortal = 15E5A94C2BEE37F2009CBFB9 /* Project object */;
			proxyType = 1;
			remoteGlobalIDString = 15E5A9532BEE37F2009CBFB9;
			remoteInfo = movieFinder;
		};
		15E5A96F2BEE37F4009CBFB9 /* PBXContainerItemProxy */ = {
			isa = PBXContainerItemProxy;
			containerPortal = 15E5A94C2BEE37F2009CBFB9 /* Project object */;
			proxyType = 1;
			remoteGlobalIDString = 15E5A9532BEE37F2009CBFB9;
			remoteInfo = movieFinder;
		};
/* End PBXContainerItemProxy section */

/* Begin PBXFileReference section */
		1510D7422BEF3A980092C021 /* CategoryHome.swift */ = {isa = PBXFileReference; lastKnownFileType = sourcecode.swift; path = CategoryHome.swift; sourceTree = "<group>"; };
		155CB1EF2BEE81D2009F738D /* DirectorDetail.swift */ = {isa = PBXFileReference; lastKnownFileType = sourcecode.swift; path = DirectorDetail.swift; sourceTree = "<group>"; };
		1561582A2BFE5ED1004CE1FD /* .gitignore */ = {isa = PBXFileReference; lastKnownFileType = text; path = .gitignore; sourceTree = "<group>"; };
		15A8C28D2BEF3E7700590FD5 /* ThespianDetail.swift */ = {isa = PBXFileReference; lastKnownFileType = sourcecode.swift; path = ThespianDetail.swift; sourceTree = "<group>"; };
		15A8C2952BEF4ABA00590FD5 /* CategoryItem.swift */ = {isa = PBXFileReference; lastKnownFileType = sourcecode.swift; path = CategoryItem.swift; sourceTree = "<group>"; };
		15A8C2992BEF4DD000590FD5 /* Staff.swift */ = {isa = PBXFileReference; lastKnownFileType = sourcecode.swift; path = Staff.swift; sourceTree = "<group>"; };
		15A8C29B2BEF4E1400590FD5 /* todo.txt */ = {isa = PBXFileReference; lastKnownFileType = text; path = todo.txt; sourceTree = "<group>"; };
		15A8C29E2BEF639500590FD5 /* CategoryRow.swift */ = {isa = PBXFileReference; lastKnownFileType = sourcecode.swift; path = CategoryRow.swift; sourceTree = "<group>"; };
		15A8C2A62BEF8D2A00590FD5 /* Director.swift */ = {isa = PBXFileReference; lastKnownFileType = sourcecode.swift; path = Director.swift; sourceTree = "<group>"; };
		15A8C2A82BEF8D9400590FD5 /* Writer.swift */ = {isa = PBXFileReference; lastKnownFileType = sourcecode.swift; path = Writer.swift; sourceTree = "<group>"; };
		15A8C2AA2BEF8DA400590FD5 /* Thespian.swift */ = {isa = PBXFileReference; lastKnownFileType = sourcecode.swift; path = Thespian.swift; sourceTree = "<group>"; };
		15A8C2AC2BEF924100590FD5 /* ComingSoon.swift */ = {isa = PBXFileReference; lastKnownFileType = sourcecode.swift; path = ComingSoon.swift; sourceTree = "<group>"; };
		15E5A9542BEE37F2009CBFB9 /* movieFinder.app */ = {isa = PBXFileReference; explicitFileType = wrapper.application; includeInIndex = 0; path = movieFinder.app; sourceTree = BUILT_PRODUCTS_DIR; };
		15E5A9572BEE37F2009CBFB9 /* movieFinderApp.swift */ = {isa = PBXFileReference; lastKnownFileType = sourcecode.swift; path = movieFinderApp.swift; sourceTree = "<group>"; };
		15E5A9592BEE37F2009CBFB9 /* ContentView.swift */ = {isa = PBXFileReference; lastKnownFileType = sourcecode.swift; path = ContentView.swift; sourceTree = "<group>"; };
		15E5A95B2BEE37F3009CBFB9 /* Assets.xcassets */ = {isa = PBXFileReference; lastKnownFileType = folder.assetcatalog; path = Assets.xcassets; sourceTree = "<group>"; };
		15E5A95E2BEE37F3009CBFB9 /* Preview Assets.xcassets */ = {isa = PBXFileReference; lastKnownFileType = folder.assetcatalog; path = "Preview Assets.xcassets"; sourceTree = "<group>"; };
		15E5A9642BEE37F4009CBFB9 /* movieFinderTests.xctest */ = {isa = PBXFileReference; explicitFileType = wrapper.cfbundle; includeInIndex = 0; path = movieFinderTests.xctest; sourceTree = BUILT_PRODUCTS_DIR; };
		15E5A9682BEE37F4009CBFB9 /* movieFinderTests.swift */ = {isa = PBXFileReference; lastKnownFileType = sourcecode.swift; path = movieFinderTests.swift; sourceTree = "<group>"; };
		15E5A96E2BEE37F4009CBFB9 /* movieFinderUITests.xctest */ = {isa = PBXFileReference; explicitFileType = wrapper.cfbundle; includeInIndex = 0; path = movieFinderUITests.xctest; sourceTree = BUILT_PRODUCTS_DIR; };
		15E5A9722BEE37F4009CBFB9 /* movieFinderUITests.swift */ = {isa = PBXFileReference; lastKnownFileType = sourcecode.swift; path = movieFinderUITests.swift; sourceTree = "<group>"; };
		15E5A9742BEE37F4009CBFB9 /* movieFinderUITestsLaunchTests.swift */ = {isa = PBXFileReference; lastKnownFileType = sourcecode.swift; path = movieFinderUITestsLaunchTests.swift; sourceTree = "<group>"; };
		15E5A9872BEE4029009CBFB9 /* Movie.swift */ = {isa = PBXFileReference; lastKnownFileType = sourcecode.swift; path = Movie.swift; sourceTree = "<group>"; };
		15E5A9902BEE4203009CBFB9 /* ModelData.swift */ = {isa = PBXFileReference; lastKnownFileType = sourcecode.swift; path = ModelData.swift; sourceTree = "<group>"; };
		15E5A9932BEE42B8009CBFB9 /* directorTestData.json */ = {isa = PBXFileReference; lastKnownFileType = text.json; path = directorTestData.json; sourceTree = "<group>"; };
		15E5A9972BEE4851009CBFB9 /* movieTestData.json */ = {isa = PBXFileReference; lastKnownFileType = text.json; path = movieTestData.json; sourceTree = "<group>"; };
		15E5A9992BEE491E009CBFB9 /* writerTestData.json */ = {isa = PBXFileReference; lastKnownFileType = text.json; path = writerTestData.json; sourceTree = "<group>"; };
		15E5A99B2BEE4954009CBFB9 /* thespianTestData.json */ = {isa = PBXFileReference; lastKnownFileType = text.json; path = thespianTestData.json; sourceTree = "<group>"; };
/* End PBXFileReference section */

/* Begin PBXFrameworksBuildPhase section */
		15E5A9512BEE37F2009CBFB9 /* Frameworks */ = {
			isa = PBXFrameworksBuildPhase;
			buildActionMask = 2147483647;
			files = (
			);
			runOnlyForDeploymentPostprocessing = 0;
		};
		15E5A9612BEE37F4009CBFB9 /* Frameworks */ = {
			isa = PBXFrameworksBuildPhase;
			buildActionMask = 2147483647;
			files = (
			);
			runOnlyForDeploymentPostprocessing = 0;
		};
		15E5A96B2BEE37F4009CBFB9 /* Frameworks */ = {
			isa = PBXFrameworksBuildPhase;
			buildActionMask = 2147483647;
			files = (
			);
			runOnlyForDeploymentPostprocessing = 0;
		};
/* End PBXFrameworksBuildPhase section */

/* Begin PBXGroup section */
		1510D7442BEF3B230092C021 /* Director */ = {
			isa = PBXGroup;
			children = (
				155CB1EF2BEE81D2009F738D /* DirectorDetail.swift */,
			);
			path = Director;
			sourceTree = "<group>";
		};
		1510D7452BEF3B360092C021 /* Thespian */ = {
			isa = PBXGroup;
			children = (
				15A8C28D2BEF3E7700590FD5 /* ThespianDetail.swift */,
			);
			path = Thespian;
			sourceTree = "<group>";
		};
		15A8C29D2BEF4EC200590FD5 /* models */ = {
			isa = PBXGroup;
			children = (
				15E5A9872BEE4029009CBFB9 /* Movie.swift */,
				15A8C2A62BEF8D2A00590FD5 /* Director.swift */,
				15A8C2992BEF4DD000590FD5 /* Staff.swift */,
				15A8C2AA2BEF8DA400590FD5 /* Thespian.swift */,
				15A8C2A82BEF8D9400590FD5 /* Writer.swift */,
			);
			path = models;
			sourceTree = "<group>";
		};
		15E5A94B2BEE37F2009CBFB9 = {
			isa = PBXGroup;
			children = (
				15E5A9562BEE37F2009CBFB9 /* movieFinder */,
				15E5A9672BEE37F4009CBFB9 /* movieFinderTests */,
				15E5A9712BEE37F4009CBFB9 /* movieFinderUITests */,
				15E5A9552BEE37F2009CBFB9 /* Products */,
			);
			sourceTree = "<group>";
		};
		15E5A9552BEE37F2009CBFB9 /* Products */ = {
			isa = PBXGroup;
			children = (
				15E5A9542BEE37F2009CBFB9 /* movieFinder.app */,
				15E5A9642BEE37F4009CBFB9 /* movieFinderTests.xctest */,
				15E5A96E2BEE37F4009CBFB9 /* movieFinderUITests.xctest */,
			);
			name = Products;
			sourceTree = "<group>";
		};
		15E5A9562BEE37F2009CBFB9 /* movieFinder */ = {
			isa = PBXGroup;
			children = (
				15E5A9922BEE4285009CBFB9 /* Resources */,
				15E5A9842BEE3CB1009CBFB9 /* Model */,
				15E5A9812BEE3BE2009CBFB9 /* Categories */,
				15E5A9572BEE37F2009CBFB9 /* movieFinderApp.swift */,
				15E5A9592BEE37F2009CBFB9 /* ContentView.swift */,
				15E5A95B2BEE37F3009CBFB9 /* Assets.xcassets */,
				15E5A95D2BEE37F3009CBFB9 /* Preview Content */,
				15A8C29B2BEF4E1400590FD5 /* todo.txt */,
				1561582A2BFE5ED1004CE1FD /* .gitignore */,
			);
			path = movieFinder;
			sourceTree = "<group>";
		};
		15E5A95D2BEE37F3009CBFB9 /* Preview Content */ = {
			isa = PBXGroup;
			children = (
				15E5A95E2BEE37F3009CBFB9 /* Preview Assets.xcassets */,
			);
			path = "Preview Content";
			sourceTree = "<group>";
		};
		15E5A9672BEE37F4009CBFB9 /* movieFinderTests */ = {
			isa = PBXGroup;
			children = (
				15E5A9682BEE37F4009CBFB9 /* movieFinderTests.swift */,
			);
			path = movieFinderTests;
			sourceTree = "<group>";
		};
		15E5A9712BEE37F4009CBFB9 /* movieFinderUITests */ = {
			isa = PBXGroup;
			children = (
				15E5A9722BEE37F4009CBFB9 /* movieFinderUITests.swift */,
				15E5A9742BEE37F4009CBFB9 /* movieFinderUITestsLaunchTests.swift */,
			);
			path = movieFinderUITests;
			sourceTree = "<group>";
		};
		15E5A9812BEE3BE2009CBFB9 /* Categories */ = {
			isa = PBXGroup;
			children = (
				15A8C29E2BEF639500590FD5 /* CategoryRow.swift */,
				1510D7422BEF3A980092C021 /* CategoryHome.swift */,
				15A8C2952BEF4ABA00590FD5 /* CategoryItem.swift */,
				1510D7442BEF3B230092C021 /* Director */,
				1510D7452BEF3B360092C021 /* Thespian */,
				15A8C2AC2BEF924100590FD5 /* ComingSoon.swift */,
			);
			path = Categories;
			sourceTree = "<group>";
		};
		15E5A9842BEE3CB1009CBFB9 /* Model */ = {
			isa = PBXGroup;
			children = (
				15A8C29D2BEF4EC200590FD5 /* models */,
				15E5A9902BEE4203009CBFB9 /* ModelData.swift */,
			);
			path = Model;
			sourceTree = "<group>";
		};
		15E5A9922BEE4285009CBFB9 /* Resources */ = {
			isa = PBXGroup;
			children = (
				15E5A9932BEE42B8009CBFB9 /* directorTestData.json */,
				15E5A9972BEE4851009CBFB9 /* movieTestData.json */,
				15E5A9992BEE491E009CBFB9 /* writerTestData.json */,
				15E5A99B2BEE4954009CBFB9 /* thespianTestData.json */,
			);
			path = Resources;
			sourceTree = "<group>";
		};
/* End PBXGroup section */

/* Begin PBXNativeTarget section */
		15E5A9532BEE37F2009CBFB9 /* movieFinder */ = {
			isa = PBXNativeTarget;
			buildConfigurationList = 15E5A9782BEE37F4009CBFB9 /* Build configuration list for PBXNativeTarget "movieFinder" */;
			buildPhases = (
				15E5A9502BEE37F2009CBFB9 /* Sources */,
				15E5A9512BEE37F2009CBFB9 /* Frameworks */,
				15E5A9522BEE37F2009CBFB9 /* Resources */,
			);
			buildRules = (
			);
			dependencies = (
			);
			name = movieFinder;
			productName = movieFinder;
			productReference = 15E5A9542BEE37F2009CBFB9 /* movieFinder.app */;
			productType = "com.apple.product-type.application";
		};
		15E5A9632BEE37F4009CBFB9 /* movieFinderTests */ = {
			isa = PBXNativeTarget;
			buildConfigurationList = 15E5A97B2BEE37F4009CBFB9 /* Build configuration list for PBXNativeTarget "movieFinderTests" */;
			buildPhases = (
				15E5A9602BEE37F4009CBFB9 /* Sources */,
				15E5A9612BEE37F4009CBFB9 /* Frameworks */,
				15E5A9622BEE37F4009CBFB9 /* Resources */,
			);
			buildRules = (
			);
			dependencies = (
				15E5A9662BEE37F4009CBFB9 /* PBXTargetDependency */,
			);
			name = movieFinderTests;
			productName = movieFinderTests;
			productReference = 15E5A9642BEE37F4009CBFB9 /* movieFinderTests.xctest */;
			productType = "com.apple.product-type.bundle.unit-test";
		};
		15E5A96D2BEE37F4009CBFB9 /* movieFinderUITests */ = {
			isa = PBXNativeTarget;
			buildConfigurationList = 15E5A97E2BEE37F4009CBFB9 /* Build configuration list for PBXNativeTarget "movieFinderUITests" */;
			buildPhases = (
				15E5A96A2BEE37F4009CBFB9 /* Sources */,
				15E5A96B2BEE37F4009CBFB9 /* Frameworks */,
				15E5A96C2BEE37F4009CBFB9 /* Resources */,
			);
			buildRules = (
			);
			dependencies = (
				15E5A9702BEE37F4009CBFB9 /* PBXTargetDependency */,
			);
			name = movieFinderUITests;
			productName = movieFinderUITests;
			productReference = 15E5A96E2BEE37F4009CBFB9 /* movieFinderUITests.xctest */;
			productType = "com.apple.product-type.bundle.ui-testing";
		};
/* End PBXNativeTarget section */

/* Begin PBXProject section */
		15E5A94C2BEE37F2009CBFB9 /* Project object */ = {
			isa = PBXProject;
			attributes = {
				BuildIndependentTargetsInParallel = 1;
				LastSwiftUpdateCheck = 1530;
				LastUpgradeCheck = 1530;
				TargetAttributes = {
					15E5A9532BEE37F2009CBFB9 = {
						CreatedOnToolsVersion = 15.3;
					};
					15E5A9632BEE37F4009CBFB9 = {
						CreatedOnToolsVersion = 15.3;
						TestTargetID = 15E5A9532BEE37F2009CBFB9;
					};
					15E5A96D2BEE37F4009CBFB9 = {
						CreatedOnToolsVersion = 15.3;
						TestTargetID = 15E5A9532BEE37F2009CBFB9;
					};
				};
			};
			buildConfigurationList = 15E5A94F2BEE37F2009CBFB9 /* Build configuration list for PBXProject "movieFinder" */;
			compatibilityVersion = "Xcode 14.0";
			developmentRegion = en;
			hasScannedForEncodings = 0;
			knownRegions = (
				en,
				Base,
			);
			mainGroup = 15E5A94B2BEE37F2009CBFB9;
			productRefGroup = 15E5A9552BEE37F2009CBFB9 /* Products */;
			projectDirPath = "";
			projectRoot = "";
			targets = (
				15E5A9532BEE37F2009CBFB9 /* movieFinder */,
				15E5A9632BEE37F4009CBFB9 /* movieFinderTests */,
				15E5A96D2BEE37F4009CBFB9 /* movieFinderUITests */,
			);
		};
/* End PBXProject section */

/* Begin PBXResourcesBuildPhase section */
		15E5A9522BEE37F2009CBFB9 /* Resources */ = {
			isa = PBXResourcesBuildPhase;
			buildActionMask = 2147483647;
			files = (
				1561582B2BFE5ED1004CE1FD /* .gitignore in Resources */,
				15E5A9982BEE4851009CBFB9 /* movieTestData.json in Resources */,
				15E5A9942BEE42B8009CBFB9 /* directorTestData.json in Resources */,
				15E5A99A2BEE491E009CBFB9 /* writerTestData.json in Resources */,
				15E5A99C2BEE4954009CBFB9 /* thespianTestData.json in Resources */,
				15E5A95F2BEE37F3009CBFB9 /* Preview Assets.xcassets in Resources */,
				15E5A95C2BEE37F3009CBFB9 /* Assets.xcassets in Resources */,
				15A8C29C2BEF4E1400590FD5 /* todo.txt in Resources */,
			);
			runOnlyForDeploymentPostprocessing = 0;
		};
		15E5A9622BEE37F4009CBFB9 /* Resources */ = {
			isa = PBXResourcesBuildPhase;
			buildActionMask = 2147483647;
			files = (
			);
			runOnlyForDeploymentPostprocessing = 0;
		};
		15E5A96C2BEE37F4009CBFB9 /* Resources */ = {
			isa = PBXResourcesBuildPhase;
			buildActionMask = 2147483647;
			files = (
			);
			runOnlyForDeploymentPostprocessing = 0;
		};
/* End PBXResourcesBuildPhase section */

/* Begin PBXSourcesBuildPhase section */
		15E5A9502BEE37F2009CBFB9 /* Sources */ = {
			isa = PBXSourcesBuildPhase;
			buildActionMask = 2147483647;
			files = (
				15E5A95A2BEE37F2009CBFB9 /* ContentView.swift in Sources */,
				15A8C2A72BEF8D2A00590FD5 /* Director.swift in Sources */,
				15A8C29F2BEF639500590FD5 /* CategoryRow.swift in Sources */,
				15A8C2962BEF4ABA00590FD5 /* CategoryItem.swift in Sources */,
				15A8C28E2BEF3E7700590FD5 /* ThespianDetail.swift in Sources */,
				1510D7432BEF3A980092C021 /* CategoryHome.swift in Sources */,
				15A8C29A2BEF4DD000590FD5 /* Staff.swift in Sources */,
				155CB1F02BEE81D2009F738D /* DirectorDetail.swift in Sources */,
				15E5A9582BEE37F2009CBFB9 /* movieFinderApp.swift in Sources */,
				15A8C2AB2BEF8DA400590FD5 /* Thespian.swift in Sources */,
				15A8C2A92BEF8D9400590FD5 /* Writer.swift in Sources */,
				15E5A9912BEE4203009CBFB9 /* ModelData.swift in Sources */,
				15E5A9882BEE4029009CBFB9 /* Movie.swift in Sources */,
				15A8C2AD2BEF924100590FD5 /* ComingSoon.swift in Sources */,
			);
			runOnlyForDeploymentPostprocessing = 0;
		};
		15E5A9602BEE37F4009CBFB9 /* Sources */ = {
			isa = PBXSourcesBuildPhase;
			buildActionMask = 2147483647;
			files = (
				15E5A9692BEE37F4009CBFB9 /* movieFinderTests.swift in Sources */,
			);
			runOnlyForDeploymentPostprocessing = 0;
		};
		15E5A96A2BEE37F4009CBFB9 /* Sources */ = {
			isa = PBXSourcesBuildPhase;
			buildActionMask = 2147483647;
			files = (
				15E5A9732BEE37F4009CBFB9 /* movieFinderUITests.swift in Sources */,
				15E5A9752BEE37F4009CBFB9 /* movieFinderUITestsLaunchTests.swift in Sources */,
			);
			runOnlyForDeploymentPostprocessing = 0;
		};
/* End PBXSourcesBuildPhase section */

/* Begin PBXTargetDependency section */
		15E5A9662BEE37F4009CBFB9 /* PBXTargetDependency */ = {
			isa = PBXTargetDependency;
			target = 15E5A9532BEE37F2009CBFB9 /* movieFinder */;
			targetProxy = 15E5A9652BEE37F4009CBFB9 /* PBXContainerItemProxy */;
		};
		15E5A9702BEE37F4009CBFB9 /* PBXTargetDependency */ = {
			isa = PBXTargetDependency;
			target = 15E5A9532BEE37F2009CBFB9 /* movieFinder */;
			targetProxy = 15E5A96F2BEE37F4009CBFB9 /* PBXContainerItemProxy */;
		};
/* End PBXTargetDependency section */

/* Begin XCBuildConfiguration section */
		15E5A9762BEE37F4009CBFB9 /* Debug */ = {
			isa = XCBuildConfiguration;
			buildSettings = {
				ALWAYS_SEARCH_USER_PATHS = NO;
				ASSETCATALOG_COMPILER_GENERATE_SWIFT_ASSET_SYMBOL_EXTENSIONS = YES;
				CLANG_ANALYZER_NONNULL = YES;
				CLANG_ANALYZER_NUMBER_OBJECT_CONVERSION = YES_AGGRESSIVE;
				CLANG_CXX_LANGUAGE_STANDARD = "gnu++20";
				CLANG_ENABLE_MODULES = YES;
				CLANG_ENABLE_OBJC_ARC = YES;
				CLANG_ENABLE_OBJC_WEAK = YES;
				CLANG_WARN_BLOCK_CAPTURE_AUTORELEASING = YES;
				CLANG_WARN_BOOL_CONVERSION = YES;
				CLANG_WARN_COMMA = YES;
				CLANG_WARN_CONSTANT_CONVERSION = YES;
				CLANG_WARN_DEPRECATED_OBJC_IMPLEMENTATIONS = YES;
				CLANG_WARN_DIRECT_OBJC_ISA_USAGE = YES_ERROR;
				CLANG_WARN_DOCUMENTATION_COMMENTS = YES;
				CLANG_WARN_EMPTY_BODY = YES;
				CLANG_WARN_ENUM_CONVERSION = YES;
				CLANG_WARN_INFINITE_RECURSION = YES;
				CLANG_WARN_INT_CONVERSION = YES;
				CLANG_WARN_NON_LITERAL_NULL_CONVERSION = YES;
				CLANG_WARN_OBJC_IMPLICIT_RETAIN_SELF = YES;
				CLANG_WARN_OBJC_LITERAL_CONVERSION = YES;
				CLANG_WARN_OBJC_ROOT_CLASS = YES_ERROR;
				CLANG_WARN_QUOTED_INCLUDE_IN_FRAMEWORK_HEADER = YES;
				CLANG_WARN_RANGE_LOOP_ANALYSIS = YES;
				CLANG_WARN_STRICT_PROTOTYPES = YES;
				CLANG_WARN_SUSPICIOUS_MOVE = YES;
				CLANG_WARN_UNGUARDED_AVAILABILITY = YES_AGGRESSIVE;
				CLANG_WARN_UNREACHABLE_CODE = YES;
				CLANG_WARN__DUPLICATE_METHOD_MATCH = YES;
				COPY_PHASE_STRIP = NO;
				DEBUG_INFORMATION_FORMAT = dwarf;
				ENABLE_STRICT_OBJC_MSGSEND = YES;
				ENABLE_TESTABILITY = YES;
				ENABLE_USER_SCRIPT_SANDBOXING = YES;
				GCC_C_LANGUAGE_STANDARD = gnu17;
				GCC_DYNAMIC_NO_PIC = NO;
				GCC_NO_COMMON_BLOCKS = YES;
				GCC_OPTIMIZATION_LEVEL = 0;
				GCC_PREPROCESSOR_DEFINITIONS = (
					"DEBUG=1",
					"$(inherited)",
				);
				GCC_WARN_64_TO_32_BIT_CONVERSION = YES;
				GCC_WARN_ABOUT_RETURN_TYPE = YES_ERROR;
				GCC_WARN_UNDECLARED_SELECTOR = YES;
				GCC_WARN_UNINITIALIZED_AUTOS = YES_AGGRESSIVE;
				GCC_WARN_UNUSED_FUNCTION = YES;
				GCC_WARN_UNUSED_VARIABLE = YES;
				IPHONEOS_DEPLOYMENT_TARGET = 17.4;
				LOCALIZATION_PREFERS_STRING_CATALOGS = YES;
				MTL_ENABLE_DEBUG_INFO = INCLUDE_SOURCE;
				MTL_FAST_MATH = YES;
				ONLY_ACTIVE_ARCH = YES;
				SDKROOT = iphoneos;
				SWIFT_ACTIVE_COMPILATION_CONDITIONS = "DEBUG $(inherited)";
				SWIFT_OPTIMIZATION_LEVEL = "-Onone";
			};
			name = Debug;
		};
		15E5A9772BEE37F4009CBFB9 /* Release */ = {
			isa = XCBuildConfiguration;
			buildSettings = {
				ALWAYS_SEARCH_USER_PATHS = NO;
				ASSETCATALOG_COMPILER_GENERATE_SWIFT_ASSET_SYMBOL_EXTENSIONS = YES;
				CLANG_ANALYZER_NONNULL = YES;
				CLANG_ANALYZER_NUMBER_OBJECT_CONVERSION = YES_AGGRESSIVE;
				CLANG_CXX_LANGUAGE_STANDARD = "gnu++20";
				CLANG_ENABLE_MODULES = YES;
				CLANG_ENABLE_OBJC_ARC = YES;
				CLANG_ENABLE_OBJC_WEAK = YES;
				CLANG_WARN_BLOCK_CAPTURE_AUTORELEASING = YES;
				CLANG_WARN_BOOL_CONVERSION = YES;
				CLANG_WARN_COMMA = YES;
				CLANG_WARN_CONSTANT_CONVERSION = YES;
				CLANG_WARN_DEPRECATED_OBJC_IMPLEMENTATIONS = YES;
				CLANG_WARN_DIRECT_OBJC_ISA_USAGE = YES_ERROR;
				CLANG_WARN_DOCUMENTATION_COMMENTS = YES;
				CLANG_WARN_EMPTY_BODY = YES;
				CLANG_WARN_ENUM_CONVERSION = YES;
				CLANG_WARN_INFINITE_RECURSION = YES;
				CLANG_WARN_INT_CONVERSION = YES;
				CLANG_WARN_NON_LITERAL_NULL_CONVERSION = YES;
				CLANG_WARN_OBJC_IMPLICIT_RETAIN_SELF = YES;
				CLANG_WARN_OBJC_LITERAL_CONVERSION = YES;
				CLANG_WARN_OBJC_ROOT_CLASS = YES_ERROR;
				CLANG_WARN_QUOTED_INCLUDE_IN_FRAMEWORK_HEADER = YES;
				CLANG_WARN_RANGE_LOOP_ANALYSIS = YES;
				CLANG_WARN_STRICT_PROTOTYPES = YES;
				CLANG_WARN_SUSPICIOUS_MOVE = YES;
				CLANG_WARN_UNGUARDED_AVAILABILITY = YES_AGGRESSIVE;
				CLANG_WARN_UNREACHABLE_CODE = YES;
				CLANG_WARN__DUPLICATE_METHOD_MATCH = YES;
				COPY_PHASE_STRIP = NO;
				DEBUG_INFORMATION_FORMAT = "dwarf-with-dsym";
				ENABLE_NS_ASSERTIONS = NO;
				ENABLE_STRICT_OBJC_MSGSEND = YES;
				ENABLE_USER_SCRIPT_SANDBOXING = YES;
				GCC_C_LANGUAGE_STANDARD = gnu17;
				GCC_NO_COMMON_BLOCKS = YES;
				GCC_WARN_64_TO_32_BIT_CONVERSION = YES;
				GCC_WARN_ABOUT_RETURN_TYPE = YES_ERROR;
				GCC_WARN_UNDECLARED_SELECTOR = YES;
				GCC_WARN_UNINITIALIZED_AUTOS = YES_AGGRESSIVE;
				GCC_WARN_UNUSED_FUNCTION = YES;
				GCC_WARN_UNUSED_VARIABLE = YES;
				IPHONEOS_DEPLOYMENT_TARGET = 17.4;
				LOCALIZATION_PREFERS_STRING_CATALOGS = YES;
				MTL_ENABLE_DEBUG_INFO = NO;
				MTL_FAST_MATH = YES;
				SDKROOT = iphoneos;
				SWIFT_COMPILATION_MODE = wholemodule;
				VALIDATE_PRODUCT = YES;
			};
			name = Release;
		};
		15E5A9792BEE37F4009CBFB9 /* Debug */ = {
			isa = XCBuildConfiguration;
			buildSettings = {
				ASSETCATALOG_COMPILER_APPICON_NAME = AppIcon;
				ASSETCATALOG_COMPILER_GLOBAL_ACCENT_COLOR_NAME = AccentColor;
				CODE_SIGN_STYLE = Automatic;
				CURRENT_PROJECT_VERSION = 1;
				DEVELOPMENT_ASSET_PATHS = "\"movieFinder/Preview Content\"";
				DEVELOPMENT_TEAM = 9U2SA2W8VH;
				ENABLE_PREVIEWS = YES;
				GENERATE_INFOPLIST_FILE = YES;
				INFOPLIST_KEY_UIApplicationSceneManifest_Generation = YES;
				INFOPLIST_KEY_UIApplicationSupportsIndirectInputEvents = YES;
				INFOPLIST_KEY_UILaunchScreen_Generation = YES;
				INFOPLIST_KEY_UISupportedInterfaceOrientations_iPad = "UIInterfaceOrientationPortrait UIInterfaceOrientationPortraitUpsideDown UIInterfaceOrientationLandscapeLeft UIInterfaceOrientationLandscapeRight";
				INFOPLIST_KEY_UISupportedInterfaceOrientations_iPhone = "UIInterfaceOrientationPortrait UIInterfaceOrientationLandscapeLeft UIInterfaceOrientationLandscapeRight";
				LD_RUNPATH_SEARCH_PATHS = (
					"$(inherited)",
					"@executable_path/Frameworks",
				);
				MARKETING_VERSION = 1.0;
				PRODUCT_BUNDLE_IDENTIFIER = joeylee.movieFinder;
				PRODUCT_NAME = "$(TARGET_NAME)";
				SWIFT_EMIT_LOC_STRINGS = YES;
				SWIFT_VERSION = 5.0;
				TARGETED_DEVICE_FAMILY = "1,2";
			};
			name = Debug;
		};
		15E5A97A2BEE37F4009CBFB9 /* Release */ = {
			isa = XCBuildConfiguration;
			buildSettings = {
				ASSETCATALOG_COMPILER_APPICON_NAME = AppIcon;
				ASSETCATALOG_COMPILER_GLOBAL_ACCENT_COLOR_NAME = AccentColor;
				CODE_SIGN_STYLE = Automatic;
				CURRENT_PROJECT_VERSION = 1;
				DEVELOPMENT_ASSET_PATHS = "\"movieFinder/Preview Content\"";
				DEVELOPMENT_TEAM = 9U2SA2W8VH;
				ENABLE_PREVIEWS = YES;
				GENERATE_INFOPLIST_FILE = YES;
				INFOPLIST_KEY_UIApplicationSceneManifest_Generation = YES;
				INFOPLIST_KEY_UIApplicationSupportsIndirectInputEvents = YES;
				INFOPLIST_KEY_UILaunchScreen_Generation = YES;
				INFOPLIST_KEY_UISupportedInterfaceOrientations_iPad = "UIInterfaceOrientationPortrait UIInterfaceOrientationPortraitUpsideDown UIInterfaceOrientationLandscapeLeft UIInterfaceOrientationLandscapeRight";
				INFOPLIST_KEY_UISupportedInterfaceOrientations_iPhone = "UIInterfaceOrientationPortrait UIInterfaceOrientationLandscapeLeft UIInterfaceOrientationLandscapeRight";
				LD_RUNPATH_SEARCH_PATHS = (
					"$(inherited)",
					"@executable_path/Frameworks",
				);
				MARKETING_VERSION = 1.0;
				PRODUCT_BUNDLE_IDENTIFIER = joeylee.movieFinder;
				PRODUCT_NAME = "$(TARGET_NAME)";
				SWIFT_EMIT_LOC_STRINGS = YES;
				SWIFT_VERSION = 5.0;
				TARGETED_DEVICE_FAMILY = "1,2";
			};
			name = Release;
		};
		15E5A97C2BEE37F4009CBFB9 /* Debug */ = {
			isa = XCBuildConfiguration;
			buildSettings = {
				ALWAYS_EMBED_SWIFT_STANDARD_LIBRARIES = YES;
				BUNDLE_LOADER = "$(TEST_HOST)";
				CODE_SIGN_STYLE = Automatic;
				CURRENT_PROJECT_VERSION = 1;
				DEVELOPMENT_TEAM = 9U2SA2W8VH;
				GENERATE_INFOPLIST_FILE = YES;
				IPHONEOS_DEPLOYMENT_TARGET = 17.4;
				MARKETING_VERSION = 1.0;
				PRODUCT_BUNDLE_IDENTIFIER = joeylee.movieFinderTests;
				PRODUCT_NAME = "$(TARGET_NAME)";
				SWIFT_EMIT_LOC_STRINGS = NO;
				SWIFT_VERSION = 5.0;
				TARGETED_DEVICE_FAMILY = "1,2";
				TEST_HOST = "$(BUILT_PRODUCTS_DIR)/movieFinder.app/$(BUNDLE_EXECUTABLE_FOLDER_PATH)/movieFinder";
			};
			name = Debug;
		};
		15E5A97D2BEE37F4009CBFB9 /* Release */ = {
			isa = XCBuildConfiguration;
			buildSettings = {
				ALWAYS_EMBED_SWIFT_STANDARD_LIBRARIES = YES;
				BUNDLE_LOADER = "$(TEST_HOST)";
				CODE_SIGN_STYLE = Automatic;
				CURRENT_PROJECT_VERSION = 1;
				DEVELOPMENT_TEAM = 9U2SA2W8VH;
				GENERATE_INFOPLIST_FILE = YES;
				IPHONEOS_DEPLOYMENT_TARGET = 17.4;
				MARKETING_VERSION = 1.0;
				PRODUCT_BUNDLE_IDENTIFIER = joeylee.movieFinderTests;
				PRODUCT_NAME = "$(TARGET_NAME)";
				SWIFT_EMIT_LOC_STRINGS = NO;
				SWIFT_VERSION = 5.0;
				TARGETED_DEVICE_FAMILY = "1,2";
				TEST_HOST = "$(BUILT_PRODUCTS_DIR)/movieFinder.app/$(BUNDLE_EXECUTABLE_FOLDER_PATH)/movieFinder";
			};
			name = Release;
		};
		15E5A97F2BEE37F4009CBFB9 /* Debug */ = {
			isa = XCBuildConfiguration;
			buildSettings = {
				ALWAYS_EMBED_SWIFT_STANDARD_LIBRARIES = YES;
				CODE_SIGN_STYLE = Automatic;
				CURRENT_PROJECT_VERSION = 1;
				DEVELOPMENT_TEAM = 9U2SA2W8VH;
				GENERATE_INFOPLIST_FILE = YES;
				MARKETING_VERSION = 1.0;
				PRODUCT_BUNDLE_IDENTIFIER = joeylee.movieFinderUITests;
				PRODUCT_NAME = "$(TARGET_NAME)";
				SWIFT_EMIT_LOC_STRINGS = NO;
				SWIFT_VERSION = 5.0;
				TARGETED_DEVICE_FAMILY = "1,2";
				TEST_TARGET_NAME = movieFinder;
			};
			name = Debug;
		};
		15E5A9802BEE37F4009CBFB9 /* Release */ = {
			isa = XCBuildConfiguration;
			buildSettings = {
				ALWAYS_EMBED_SWIFT_STANDARD_LIBRARIES = YES;
				CODE_SIGN_STYLE = Automatic;
				CURRENT_PROJECT_VERSION = 1;
				DEVELOPMENT_TEAM = 9U2SA2W8VH;
				GENERATE_INFOPLIST_FILE = YES;
				MARKETING_VERSION = 1.0;
				PRODUCT_BUNDLE_IDENTIFIER = joeylee.movieFinderUITests;
				PRODUCT_NAME = "$(TARGET_NAME)";
				SWIFT_EMIT_LOC_STRINGS = NO;
				SWIFT_VERSION = 5.0;
				TARGETED_DEVICE_FAMILY = "1,2";
				TEST_TARGET_NAME = movieFinder;
			};
			name = Release;
		};
/* End XCBuildConfiguration section */

/* Begin XCConfigurationList section */
		15E5A94F2BEE37F2009CBFB9 /* Build configuration list for PBXProject "movieFinder" */ = {
			isa = XCConfigurationList;
			buildConfigurations = (
				15E5A9762BEE37F4009CBFB9 /* Debug */,
				15E5A9772BEE37F4009CBFB9 /* Release */,
			);
			defaultConfigurationIsVisible = 0;
			defaultConfigurationName = Release;
		};
		15E5A9782BEE37F4009CBFB9 /* Build configuration list for PBXNativeTarget "movieFinder" */ = {
			isa = XCConfigurationList;
			buildConfigurations = (
				15E5A9792BEE37F4009CBFB9 /* Debug */,
				15E5A97A2BEE37F4009CBFB9 /* Release */,
			);
			defaultConfigurationIsVisible = 0;
			defaultConfigurationName = Release;
		};
		15E5A97B2BEE37F4009CBFB9 /* Build configuration list for PBXNativeTarget "movieFinderTests" */ = {
			isa = XCConfigurationList;
			buildConfigurations = (
				15E5A97C2BEE37F4009CBFB9 /* Debug */,
				15E5A97D2BEE37F4009CBFB9 /* Release */,
			);
			defaultConfigurationIsVisible = 0;
			defaultConfigurationName = Release;
		};
		15E5A97E2BEE37F4009CBFB9 /* Build configuration list for PBXNativeTarget "movieFinderUITests" */ = {
			isa = XCConfigurationList;
			buildConfigurations = (
				15E5A97F2BEE37F4009CBFB9 /* Debug */,
				15E5A9802BEE37F4009CBFB9 /* Release */,
			);
			defaultConfigurationIsVisible = 0;
			defaultConfigurationName = Release;
		};
/* End XCConfigurationList section */
	};
	rootObject = 15E5A94C2BEE37F2009CBFB9 /* Project object */;
}
